// !$*UTF8*$!
{
	archiveVersion = 1;
	classes = {
	};
	objectVersion = 77;
	objects = {

/* Begin PBXBuildFile section */
		1A2E0E1A31D4F836ABDE5DF2 /* ProcessWatcher.swift in Sources */ = {isa = PBXBuildFile; fileRef = 4D845984402DF5520F9A9FC4 /* ProcessWatcher.swift */; };
		2642EAEA5B71BD547DBF19BA /* SleepManager.swift in Sources */ = {isa = PBXBuildFile; fileRef = 0BEEE14FB06193E8D72CCF20 /* SleepManager.swift */; };
		2C8DEE6D4C4D9CE9B64DE3EF /* IOKit.framework in Frameworks */ = {isa = PBXBuildFile; fileRef = D57D76B59D887DF6147BFA38 /* IOKit.framework */; };
		3137D2D9AF44A6C2F8B3AE95 /* main.swift in Sources */ = {isa = PBXBuildFile; fileRef = 8A291B4F6C98153DB6179159 /* main.swift */; };
		490EEB7701B1790DA1D45E35 /* Config.swift in Sources */ = {isa = PBXBuildFile; fileRef = FA8D505BAB9AB0C2D2BB53EA /* Config.swift */; };
		6BFB89F9A2DB8CEC845816D7 /* Privacy.swift in Sources */ = {isa = PBXBuildFile; fileRef = 1C2E24ABE680C5F7E496B510 /* Privacy.swift */; };
		A940CBADDB04ED4209F02084 /* LeaseWatcher.swift in Sources */ = {isa = PBXBuildFile; fileRef = 816656C7675B7244C02E744B /* LeaseWatcher.swift */; };
		B3BBA1394091C420B665902A /* AppDelegate.swift in Sources */ = {isa = PBXBuildFile; fileRef = 2D355CA04893185BB0B6D1EA /* AppDelegate.swift */; };
/* End PBXBuildFile section */

/* Begin PBXFileReference section */
		0BEEE14FB06193E8D72CCF20 /* SleepManager.swift */ = {isa = PBXFileReference; lastKnownFileType = sourcecode.swift; path = SleepManager.swift; sourceTree = "<group>"; };
		1C2E24ABE680C5F7E496B510 /* Privacy.swift */ = {isa = PBXFileReference; lastKnownFileType = sourcecode.swift; path = Privacy.swift; sourceTree = "<group>"; };
		2D355CA04893185BB0B6D1EA /* AppDelegate.swift */ = {isa = PBXFileReference; lastKnownFileType = sourcecode.swift; path = AppDelegate.swift; sourceTree = "<group>"; };
		4D845984402DF5520F9A9FC4 /* ProcessWatcher.swift */ = {isa = PBXFileReference; lastKnownFileType = sourcecode.swift; path = ProcessWatcher.swift; sourceTree = "<group>"; };
		816656C7675B7244C02E744B /* LeaseWatcher.swift */ = {isa = PBXFileReference; lastKnownFileType = sourcecode.swift; path = LeaseWatcher.swift; sourceTree = "<group>"; };
		8A291B4F6C98153DB6179159 /* main.swift */ = {isa = PBXFileReference; lastKnownFileType = sourcecode.swift; path = main.swift; sourceTree = "<group>"; };
		C8446980EABC4BFAEEC7D29F /* Debug.xcconfig */ = {isa = PBXFileReference; lastKnownFileType = text.xcconfig; path = Debug.xcconfig; sourceTree = "<group>"; };
		CC6E7C7127ECB0E17DF607EF /* RestNot.app */ = {isa = PBXFileReference; explicitFileType = wrapper.application; includeInIndex = 0; path = RestNot.app; sourceTree = BUILT_PRODUCTS_DIR; };
		D57D76B59D887DF6147BFA38 /* IOKit.framework */ = {isa = PBXFileReference; lastKnownFileType = wrapper.framework; name = IOKit.framework; path = System/Library/Frameworks/IOKit.framework; sourceTree = SDKROOT; };
		D902C978F3204A2E227C3415 /* Release.xcconfig */ = {isa = PBXFileReference; lastKnownFileType = text.xcconfig; path = Release.xcconfig; sourceTree = "<group>"; };
		FA8D505BAB9AB0C2D2BB53EA /* Config.swift */ = {isa = PBXFileReference; lastKnownFileType = sourcecode.swift; path = Config.swift; sourceTree = "<group>"; };
/* End PBXFileReference section */

/* Begin PBXFrameworksBuildPhase section */
		F7916686EEE553BF1B862751 /* Frameworks */ = {
			isa = PBXFrameworksBuildPhase;
			buildActionMask = 2147483647;
			files = (
				2C8DEE6D4C4D9CE9B64DE3EF /* IOKit.framework in Frameworks */,
			);
			runOnlyForDeploymentPostprocessing = 0;
		};
/* End PBXFrameworksBuildPhase section */

/* Begin PBXGroup section */
		04E95201F72DEA647FFA4ECC /* Products */ = {
			isa = PBXGroup;
			children = (
				CC6E7C7127ECB0E17DF607EF /* RestNot.app */,
			);
			name = Products;
			sourceTree = "<group>";
		};
		509CE7BBE906D5CD73CA629B /* Frameworks */ = {
			isa = PBXGroup;
			children = (
				D57D76B59D887DF6147BFA38 /* IOKit.framework */,
			);
			name = Frameworks;
			sourceTree = "<group>";
		};
		51760984EAEC2822275DFC9D /* RestNot */ = {
			isa = PBXGroup;
			children = (
				2D355CA04893185BB0B6D1EA /* AppDelegate.swift */,
				FA8D505BAB9AB0C2D2BB53EA /* Config.swift */,
				816656C7675B7244C02E744B /* LeaseWatcher.swift */,
				8A291B4F6C98153DB6179159 /* main.swift */,
				1C2E24ABE680C5F7E496B510 /* Privacy.swift */,
				4D845984402DF5520F9A9FC4 /* ProcessWatcher.swift */,
				0BEEE14FB06193E8D72CCF20 /* SleepManager.swift */,
			);
			path = RestNot;
			sourceTree = "<group>";
		};
		786B3D400E537E29B96BEA99 /* Configs */ = {
			isa = PBXGroup;
			children = (
				C8446980EABC4BFAEEC7D29F /* Debug.xcconfig */,
				D902C978F3204A2E227C3415 /* Release.xcconfig */,
			);
			path = Configs;
			sourceTree = "<group>";
		};
		FCE0E3007C9744B1761DA02A = {
			isa = PBXGroup;
			children = (
				786B3D400E537E29B96BEA99 /* Configs */,
				51760984EAEC2822275DFC9D /* RestNot */,
				509CE7BBE906D5CD73CA629B /* Frameworks */,
				04E95201F72DEA647FFA4ECC /* Products */,
			);
			sourceTree = "<group>";
		};
/* End PBXGroup section */

/* Begin PBXNativeTarget section */
		5D677DE61FD0A0BC9A07C0AD /* RestNot */ = {
			isa = PBXNativeTarget;
			buildConfigurationList = A94071297F4BB896A1942B25 /* Build configuration list for PBXNativeTarget "RestNot" */;
			buildPhases = (
				24336DDCA0093E29F046677D /* Sources */,
				F7916686EEE553BF1B862751 /* Frameworks */,
			);
			buildRules = (
			);
			dependencies = (
			);
			name = RestNot;
			packageProductDependencies = (
			);
			productName = RestNot;
			productReference = CC6E7C7127ECB0E17DF607EF /* RestNot.app */;
			productType = "com.apple.product-type.application";
		};
/* End PBXNativeTarget section */

/* Begin PBXProject section */
		76465D360715B6D168A18A46 /* Project object */ = {
			isa = PBXProject;
			attributes = {
				BuildIndependentTargetsInParallel = YES;
				LastUpgradeCheck = 1500;
				TargetAttributes = {
					5D677DE61FD0A0BC9A07C0AD = {
						DevelopmentTeam = "";
						ProvisioningStyle = Automatic;
					};
				};
			};
			buildConfigurationList = 88FA2383BC161C86E488EFE8 /* Build configuration list for PBXProject "RestNot" */;
			developmentRegion = en;
			hasScannedForEncodings = 0;
			knownRegions = (
				Base,
				en,
			);
			mainGroup = FCE0E3007C9744B1761DA02A;
			minimizedProjectReferenceProxies = 1;
			preferredProjectObjectVersion = 77;
			productRefGroup = 04E95201F72DEA647FFA4ECC /* Products */;
			projectDirPath = "";
			projectRoot = "";
			targets = (
				5D677DE61FD0A0BC9A07C0AD /* RestNot */,
			);
		};
/* End PBXProject section */

/* Begin PBXSourcesBuildPhase section */
		24336DDCA0093E29F046677D /* Sources */ = {
			isa = PBXSourcesBuildPhase;
			buildActionMask = 2147483647;
			files = (
				B3BBA1394091C420B665902A /* AppDelegate.swift in Sources */,
				490EEB7701B1790DA1D45E35 /* Config.swift in Sources */,
				A940CBADDB04ED4209F02084 /* LeaseWatcher.swift in Sources */,
				6BFB89F9A2DB8CEC845816D7 /* Privacy.swift in Sources */,
				1A2E0E1A31D4F836ABDE5DF2 /* ProcessWatcher.swift in Sources */,
				2642EAEA5B71BD547DBF19BA /* SleepManager.swift in Sources */,
				3137D2D9AF44A6C2F8B3AE95 /* main.swift in Sources */,
			);
			runOnlyForDeploymentPostprocessing = 0;
		};
/* End PBXSourcesBuildPhase section */

/* Begin XCBuildConfiguration section */
		4B587C47DE052E991377BAE8 /* Debug */ = {
			isa = XCBuildConfiguration;
			baseConfigurationReference = C8446980EABC4BFAEEC7D29F /* Debug.xcconfig */;
			buildSettings = {
				ASSETCATALOG_COMPILER_APPICON_NAME = AppIcon;
				CODE_SIGN_IDENTITY = "-";
				CODE_SIGN_STYLE = Automatic;
				COMBINE_HIDPI_IMAGES = YES;
				DEVELOPMENT_TEAM = "";
				INFOPLIST_FILE = Info.plist;
				LD_RUNPATH_SEARCH_PATHS = (
					"$(inherited)",
					"@executable_path/../Frameworks",
				);
				MACOSX_DEPLOYMENT_TARGET = 13.0;
				PRODUCT_BUNDLE_IDENTIFIER = com.mythicstudio.restnot;
				PRODUCT_NAME = RestNot;
				SDKROOT = macosx;
				SWIFT_OPTIMIZATION_LEVEL = "-Onone";
				SWIFT_VERSION = 5.9;
			};
			name = Debug;
		};
		5E075A0F5885E74A46A78CD0 /* Release */ = {
			isa = XCBuildConfiguration;
			baseConfigurationReference = D902C978F3204A2E227C3415 /* Release.xcconfig */;
			buildSettings = {
				ASSETCATALOG_COMPILER_APPICON_NAME = AppIcon;
				CODE_SIGN_IDENTITY = "-";
				CODE_SIGN_STYLE = Automatic;
				COMBINE_HIDPI_IMAGES = YES;
				DEVELOPMENT_TEAM = "";
				INFOPLIST_FILE = Info.plist;
				LD_RUNPATH_SEARCH_PATHS = (
					"$(inherited)",
					"@executable_path/../Frameworks",
				);
				MACOSX_DEPLOYMENT_TARGET = 13.0;
				PRODUCT_BUNDLE_IDENTIFIER = com.mythicstudio.restnot;
				PRODUCT_NAME = RestNot;
				SDKROOT = macosx;
				SWIFT_OPTIMIZATION_LEVEL = "-O";
				SWIFT_VERSION = 5.9;
			};
			name = Release;
		};
		8846856E593622EB10E359B6 /* Release */ = {
			isa = XCBuildConfiguration;
			buildSettings = {
				ALWAYS_SEARCH_USER_PATHS = NO;
				CLANG_ANALYZER_NONNULL = YES;
				CLANG_ANALYZER_NUMBER_OBJECT_CONVERSION = YES_AGGRESSIVE;
				CLANG_CXX_LANGUAGE_STANDARD = "gnu++14";
				CLANG_CXX_LIBRARY = "libc++";
				CLANG_ENABLE_MODULES = YES;
				CLANG_ENABLE_OBJC_ARC = YES;
				CLANG_ENABLE_OBJC_WEAK = YES;
				CLANG_WARN_BLOCK_CAPTURE_AUTORELEASING = YES;
				CLANG_WARN_BOOL_CONVERSION = YES;
				CLANG_WARN_COMMA = YES;
				CLANG_WARN_CONSTANT_CONVERSION = YES;
				CLANG_WARN_DEPRECATED_OBJC_IMPLEMENTATIONS = YES;
				CLANG_WARN_DIRECT_OBJC_ISA_USAGE = YES_ERROR;
				CLANG_WARN_DOCUMENTATION_COMMENTS = YES;
				CLANG_WARN_EMPTY_BODY = YES;
				CLANG_WARN_ENUM_CONVERSION = YES;
				CLANG_WARN_INFINITE_RECURSION = YES;
				CLANG_WARN_INT_CONVERSION = YES;
				CLANG_WARN_NON_LITERAL_NULL_CONVERSION = YES;
				CLANG_WARN_OBJC_IMPLICIT_RETAIN_SELF = YES;
				CLANG_WARN_OBJC_LITERAL_CONVERSION = YES;
				CLANG_WARN_OBJC_ROOT_CLASS = YES_ERROR;
				CLANG_WARN_QUOTED_INCLUDE_IN_FRAMEWORK_HEADER = YES;
				CLANG_WARN_RANGE_LOOP_ANALYSIS = YES;
				CLANG_WARN_STRICT_PROTOTYPES = YES;
				CLANG_WARN_SUSPICIOUS_MOVE = YES;
				CLANG_WARN_UNGUARDED_AVAILABILITY = YES_AGGRESSIVE;
				CLANG_WARN_UNREACHABLE_CODE = YES;
				CLANG_WARN__DUPLICATE_METHOD_MATCH = YES;
				COPY_PHASE_STRIP = NO;
				DEBUG_INFORMATION_FORMAT = "dwarf-with-dsym";
				ENABLE_NS_ASSERTIONS = NO;
				ENABLE_STRICT_OBJC_MSGSEND = YES;
				GCC_C_LANGUAGE_STANDARD = gnu11;
				GCC_NO_COMMON_BLOCKS = YES;
				GCC_WARN_64_TO_32_BIT_CONVERSION = YES;
				GCC_WARN_ABOUT_RETURN_TYPE = YES_ERROR;
				GCC_WARN_UNDECLARED_SELECTOR = YES;
				GCC_WARN_UNINITIALIZED_AUTOS = YES_AGGRESSIVE;
				GCC_WARN_UNUSED_FUNCTION = YES;
				GCC_WARN_UNUSED_VARIABLE = YES;
				MACOSX_DEPLOYMENT_TARGET = 13.0;
				MTL_ENABLE_DEBUG_INFO = NO;
				MTL_FAST_MATH = YES;
				PRODUCT_NAME = "$(TARGET_NAME)";
				SDKROOT = macosx;
				SWIFT_COMPILATION_MODE = wholemodule;
				SWIFT_OPTIMIZATION_LEVEL = "-O";
				SWIFT_VERSION = 5.0;
			};
			name = Release;
		};
		AB48FA2102C7084253768F64 /* Debug */ = {
			isa = XCBuildConfiguration;
			buildSettings = {
				ALWAYS_SEARCH_USER_PATHS = NO;
				CLANG_ANALYZER_NONNULL = YES;
				CLANG_ANALYZER_NUMBER_OBJECT_CONVERSION = YES_AGGRESSIVE;
				CLANG_CXX_LANGUAGE_STANDARD = "gnu++14";
				CLANG_CXX_LIBRARY = "libc++";
				CLANG_ENABLE_MODULES = YES;
				CLANG_ENABLE_OBJC_ARC = YES;
				CLANG_ENABLE_OBJC_WEAK = YES;
				CLANG_WARN_BLOCK_CAPTURE_AUTORELEASING = YES;
				CLANG_WARN_BOOL_CONVERSION = YES;
				CLANG_WARN_COMMA = YES;
				CLANG_WARN_CONSTANT_CONVERSION = YES;
				CLANG_WARN_DEPRECATED_OBJC_IMPLEMENTATIONS = YES;
				CLANG_WARN_DIRECT_OBJC_ISA_USAGE = YES_ERROR;
				CLANG_WARN_DOCUMENTATION_COMMENTS = YES;
				CLANG_WARN_EMPTY_BODY = YES;
				CLANG_WARN_ENUM_CONVERSION = YES;
				CLANG_WARN_INFINITE_RECURSION = YES;
				CLANG_WARN_INT_CONVERSION = YES;
				CLANG_WARN_NON_LITERAL_NULL_CONVERSION = YES;
				CLANG_WARN_OBJC_IMPLICIT_RETAIN_SELF = YES;
				CLANG_WARN_OBJC_LITERAL_CONVERSION = YES;
				CLANG_WARN_OBJC_ROOT_CLASS = YES_ERROR;
				CLANG_WARN_QUOTED_INCLUDE_IN_FRAMEWORK_HEADER = YES;
				CLANG_WARN_RANGE_LOOP_ANALYSIS = YES;
				CLANG_WARN_STRICT_PROTOTYPES = YES;
				CLANG_WARN_SUSPICIOUS_MOVE = YES;
				CLANG_WARN_UNGUARDED_AVAILABILITY = YES_AGGRESSIVE;
				CLANG_WARN_UNREACHABLE_CODE = YES;
				CLANG_WARN__DUPLICATE_METHOD_MATCH = YES;
				COPY_PHASE_STRIP = NO;
				DEBUG_INFORMATION_FORMAT = dwarf;
				ENABLE_STRICT_OBJC_MSGSEND = YES;
				ENABLE_TESTABILITY = YES;
				GCC_C_LANGUAGE_STANDARD = gnu11;
				GCC_DYNAMIC_NO_PIC = NO;
				GCC_NO_COMMON_BLOCKS = YES;
				GCC_OPTIMIZATION_LEVEL = 0;
				GCC_PREPROCESSOR_DEFINITIONS = (
					"$(inherited)",
					"DEBUG=1",
				);
				GCC_WARN_64_TO_32_BIT_CONVERSION = YES;
				GCC_WARN_ABOUT_RETURN_TYPE = YES_ERROR;
				GCC_WARN_UNDECLARED_SELECTOR = YES;
				GCC_WARN_UNINITIALIZED_AUTOS = YES_AGGRESSIVE;
				GCC_WARN_UNUSED_FUNCTION = YES;
				GCC_WARN_UNUSED_VARIABLE = YES;
				MACOSX_DEPLOYMENT_TARGET = 13.0;
				MTL_ENABLE_DEBUG_INFO = INCLUDE_SOURCE;
				MTL_FAST_MATH = YES;
				ONLY_ACTIVE_ARCH = YES;
				PRODUCT_NAME = "$(TARGET_NAME)";
				SDKROOT = macosx;
				SWIFT_ACTIVE_COMPILATION_CONDITIONS = DEBUG;
				SWIFT_OPTIMIZATION_LEVEL = "-Onone";
				SWIFT_VERSION = 5.0;
			};
			name = Debug;
		};
/* End XCBuildConfiguration section */

/* Begin XCConfigurationList section */
		88FA2383BC161C86E488EFE8 /* Build configuration list for PBXProject "RestNot" */ = {
			isa = XCConfigurationList;
			buildConfigurations = (
				AB48FA2102C7084253768F64 /* Debug */,
				8846856E593622EB10E359B6 /* Release */,
			);
			defaultConfigurationIsVisible = 0;
			defaultConfigurationName = Debug;
		};
		A94071297F4BB896A1942B25 /* Build configuration list for PBXNativeTarget "RestNot" */ = {
			isa = XCConfigurationList;
			buildConfigurations = (
				4B587C47DE052E991377BAE8 /* Debug */,
				5E075A0F5885E74A46A78CD0 /* Release */,
			);
			defaultConfigurationIsVisible = 0;
			defaultConfigurationName = Debug;
		};
/* End XCConfigurationList section */
	};
	rootObject = 76465D360715B6D168A18A46 /* Project object */;
}
